
Microsoft Visual Studio Solution File, Format Version 12.00
# Visual Studio Version 16
VisualStudioVersion = 16.0.30517.126
MinimumVisualStudioVersion = 10.0.40219.1
Project("{FAE04EC0-301F-11D3-BF4B-00C04F79EFBC}") = "ClientProxy-P4-082", "ClientProxy-P4-082\ClientProxy-P4-082.csproj", "{0C29E2DB-E20F-461F-A816-E4D96C888E9A}"
EndProject
Global
	GlobalSection(SolutionConfigurationPlatforms) = preSolution
		Debug|Any CPU = Debug|Any CPU
		Release|Any CPU = Release|Any CPU
	EndGlobalSection
	GlobalSection(ProjectConfigurationPlatforms) = postSolution
		{0C29E2DB-E20F-461F-A816-E4D96C888E9A}.Debug|Any CPU.ActiveCfg = Debug|Any CPU
		{0C29E2DB-E20F-461F-A816-E4D96C888E9A}.Debug|Any CPU.Build.0 = Debug|Any CPU
		{0C29E2DB-E20F-461F-A816-E4D96C888E9A}.Release|Any CPU.ActiveCfg = Release|Any CPU
		{0C29E2DB-E20F-461F-A816-E4D96C888E9A}.Release|Any CPU.Build.0 = Release|Any CPU
	EndGlobalSection
	GlobalSection(SolutionProperties) = preSolution
		HideSolutionNode = FALSE
	EndGlobalSection
	GlobalSection(ExtensibilityGlobals) = postSolution
		SolutionGuid = {83915697-8663-4136-B1C0-482A3B5FABEC}
	EndGlobalSection
EndGlobal
